// !$*UTF8*$!
{
	archiveVersion = 1;
	classes = {
	};
	objectVersion = 46;
	objects = {

/* Begin PBXBuildFile section */
		0121A3AD1F7AAD030064B6B6 /* container_specular.png in Resources */ = {isa = PBXBuildFile; fileRef = 0121A3AB1F7AAD030064B6B6 /* container_specular.png */; };
		0121A3AE1F7AAD030064B6B6 /* container.png in Resources */ = {isa = PBXBuildFile; fileRef = 0121A3AC1F7AAD030064B6B6 /* container.png */; };
		0121A3B21F7AAD620064B6B6 /* ObjectShader.fsh in Resources */ = {isa = PBXBuildFile; fileRef = 0121A3B11F7AAD620064B6B6 /* ObjectShader.fsh */; };
		0121A3B41F7AAD750064B6B6 /* ObjectShader.vsh in Resources */ = {isa = PBXBuildFile; fileRef = 0121A3B31F7AAD750064B6B6 /* ObjectShader.vsh */; };
		0121A3B91F7AAE160064B6B6 /* LightShader.fsh in Resources */ = {isa = PBXBuildFile; fileRef = 0121A3B71F7AAE160064B6B6 /* LightShader.fsh */; };
		0121A3BA1F7AAE160064B6B6 /* LightShader.vsh in Resources */ = {isa = PBXBuildFile; fileRef = 0121A3B81F7AAE160064B6B6 /* LightShader.vsh */; };
		018D9F4F1F79563F006F549C /* main.m in Sources */ = {isa = PBXBuildFile; fileRef = 018D9F4E1F79563F006F549C /* main.m */; };
		018D9F521F79563F006F549C /* AppDelegate.m in Sources */ = {isa = PBXBuildFile; fileRef = 018D9F511F79563F006F549C /* AppDelegate.m */; };
		018D9F551F79563F006F549C /* ViewController.m in Sources */ = {isa = PBXBuildFile; fileRef = 018D9F541F79563F006F549C /* ViewController.m */; };
		018D9F581F79563F006F549C /* Main.storyboard in Resources */ = {isa = PBXBuildFile; fileRef = 018D9F561F79563F006F549C /* Main.storyboard */; };
		018D9F5A1F79563F006F549C /* Assets.xcassets in Resources */ = {isa = PBXBuildFile; fileRef = 018D9F591F79563F006F549C /* Assets.xcassets */; };
		018D9F5D1F79563F006F549C /* LaunchScreen.storyboard in Resources */ = {isa = PBXBuildFile; fileRef = 018D9F5B1F79563F006F549C /* LaunchScreen.storyboard */; };
		018D9F681F79563F006F549C /* OpenGL____Tests.m in Sources */ = {isa = PBXBuildFile; fileRef = 018D9F671F79563F006F549C /* OpenGL____Tests.m */; };
		018D9F731F79563F006F549C /* OpenGL____UITests.m in Sources */ = {isa = PBXBuildFile; fileRef = 018D9F721F79563F006F549C /* OpenGL____UITests.m */; };
/* End PBXBuildFile section */

/* Begin PBXContainerItemProxy section */
		018D9F641F79563F006F549C /* PBXContainerItemProxy */ = {
			isa = PBXContainerItemProxy;
			containerPortal = 018D9F421F79563F006F549C /* Project object */;
			proxyType = 1;
			remoteGlobalIDString = 018D9F491F79563F006F549C;
			remoteInfo = "OpenGL（材质）";
		};
		018D9F6F1F79563F006F549C /* PBXContainerItemProxy */ = {
			isa = PBXContainerItemProxy;
			containerPortal = 018D9F421F79563F006F549C /* Project object */;
			proxyType = 1;
			remoteGlobalIDString = 018D9F491F79563F006F549C;
			remoteInfo = "OpenGL（材质）";
		};
/* End PBXContainerItemProxy section */

/* Begin PBXFileReference section */
		0121A3AB1F7AAD030064B6B6 /* container_specular.png */ = {isa = PBXFileReference; lastKnownFileType = image.png; path = container_specular.png; sourceTree = "<group>"; };
		0121A3AC1F7AAD030064B6B6 /* container.png */ = {isa = PBXFileReference; lastKnownFileType = image.png; path = container.png; sourceTree = "<group>"; };
		0121A3B11F7AAD620064B6B6 /* ObjectShader.fsh */ = {isa = PBXFileReference; fileEncoding = 4; lastKnownFileType = sourcecode.glsl; path = ObjectShader.fsh; sourceTree = "<group>"; };
		0121A3B31F7AAD750064B6B6 /* ObjectShader.vsh */ = {isa = PBXFileReference; fileEncoding = 4; lastKnownFileType = sourcecode.glsl; path = ObjectShader.vsh; sourceTree = "<group>"; };
		0121A3B71F7AAE160064B6B6 /* LightShader.fsh */ = {isa = PBXFileReference; fileEncoding = 4; lastKnownFileType = sourcecode.glsl; path = LightShader.fsh; sourceTree = "<group>"; };
		0121A3B81F7AAE160064B6B6 /* LightShader.vsh */ = {isa = PBXFileReference; fileEncoding = 4; lastKnownFileType = sourcecode.glsl; path = LightShader.vsh; sourceTree = "<group>"; };
		018D9F4A1F79563F006F549C /* OpenGL（材质）.app */ = {isa = PBXFileReference; explicitFileType = wrapper.application; includeInIndex = 0; path = "OpenGL（材质）.app"; sourceTree = BUILT_PRODUCTS_DIR; };
		018D9F4E1F79563F006F549C /* main.m */ = {isa = PBXFileReference; lastKnownFileType = sourcecode.c.objc; path = main.m; sourceTree = "<group>"; };
		018D9F501F79563F006F549C /* AppDelegate.h */ = {isa = PBXFileReference; lastKnownFileType = sourcecode.c.h; path = AppDelegate.h; sourceTree = "<group>"; };
		018D9F511F79563F006F549C /* AppDelegate.m */ = {isa = PBXFileReference; lastKnownFileType = sourcecode.c.objc; path = AppDelegate.m; sourceTree = "<group>"; };
		018D9F531F79563F006F549C /* ViewController.h */ = {isa = PBXFileReference; lastKnownFileType = sourcecode.c.h; path = ViewController.h; sourceTree = "<group>"; };
		018D9F541F79563F006F549C /* ViewController.m */ = {isa = PBXFileReference; lastKnownFileType = sourcecode.c.objc; path = ViewController.m; sourceTree = "<group>"; };
		018D9F571F79563F006F549C /* Base */ = {isa = PBXFileReference; lastKnownFileType = file.storyboard; name = Base; path = Base.lproj/Main.storyboard; sourceTree = "<group>"; };
		018D9F591F79563F006F549C /* Assets.xcassets */ = {isa = PBXFileReference; lastKnownFileType = folder.assetcatalog; path = Assets.xcassets; sourceTree = "<group>"; };
		018D9F5C1F79563F006F549C /* Base */ = {isa = PBXFileReference; lastKnownFileType = file.storyboard; name = Base; path = Base.lproj/LaunchScreen.storyboard; sourceTree = "<group>"; };
		018D9F5E1F79563F006F549C /* Info.plist */ = {isa = PBXFileReference; lastKnownFileType = text.plist.xml; path = Info.plist; sourceTree = "<group>"; };
		018D9F631F79563F006F549C /* OpenGL（材质）Tests.xctest */ = {isa = PBXFileReference; explicitFileType = wrapper.cfbundle; includeInIndex = 0; path = "OpenGL（材质）Tests.xctest"; sourceTree = BUILT_PRODUCTS_DIR; };
		018D9F671F79563F006F549C /* OpenGL____Tests.m */ = {isa = PBXFileReference; lastKnownFileType = sourcecode.c.objc; path = "OpenGL____Tests.m"; sourceTree = "<group>"; };
		018D9F691F79563F006F549C /* Info.plist */ = {isa = PBXFileReference; lastKnownFileType = text.plist.xml; path = Info.plist; sourceTree = "<group>"; };
		018D9F6E1F79563F006F549C /* OpenGL（材质）UITests.xctest */ = {isa = PBXFileReference; explicitFileType = wrapper.cfbundle; includeInIndex = 0; path = "OpenGL（材质）UITests.xctest"; sourceTree = BUILT_PRODUCTS_DIR; };
		018D9F721F79563F006F549C /* OpenGL____UITests.m */ = {isa = PBXFileReference; lastKnownFileType = sourcecode.c.objc; path = "OpenGL____UITests.m"; sourceTree = "<group>"; };
		018D9F741F79563F006F549C /* Info.plist */ = {isa = PBXFileReference; lastKnownFileType = text.plist.xml; path = Info.plist; sourceTree = "<group>"; };
/* End PBXFileReference section */

/* Begin PBXFrameworksBuildPhase section */
		018D9F471F79563F006F549C /* Frameworks */ = {
			isa = PBXFrameworksBuildPhase;
			buildActionMask = 2147483647;
			files = (
			);
			runOnlyForDeploymentPostprocessing = 0;
		};
		018D9F601F79563F006F549C /* Frameworks */ = {
			isa = PBXFrameworksBuildPhase;
			buildActionMask = 2147483647;
			files = (
			);
			runOnlyForDeploymentPostprocessing = 0;
		};
		018D9F6B1F79563F006F549C /* Frameworks */ = {
			isa = PBXFrameworksBuildPhase;
			buildActionMask = 2147483647;
			files = (
			);
			runOnlyForDeploymentPostprocessing = 0;
		};
/* End PBXFrameworksBuildPhase section */

/* Begin PBXGroup section */
		018D9F411F79563F006F549C = {
			isa = PBXGroup;
			children = (
				018D9F4C1F79563F006F549C /* OpenGL（材质） */,
				018D9F661F79563F006F549C /* OpenGL（材质）Tests */,
				018D9F711F79563F006F549C /* OpenGL（材质）UITests */,
				018D9F4B1F79563F006F549C /* Products */,
			);
			sourceTree = "<group>";
		};
		018D9F4B1F79563F006F549C /* Products */ = {
			isa = PBXGroup;
			children = (
				018D9F4A1F79563F006F549C /* OpenGL（材质）.app */,
				018D9F631F79563F006F549C /* OpenGL（材质）Tests.xctest */,
				018D9F6E1F79563F006F549C /* OpenGL（材质）UITests.xctest */,
			);
			name = Products;
			sourceTree = "<group>";
		};
		018D9F4C1F79563F006F549C /* OpenGL（材质） */ = {
			isa = PBXGroup;
			children = (
				018D9F501F79563F006F549C /* AppDelegate.h */,
				018D9F511F79563F006F549C /* AppDelegate.m */,
				018D9F531F79563F006F549C /* ViewController.h */,
				018D9F541F79563F006F549C /* ViewController.m */,
				018D9F561F79563F006F549C /* Main.storyboard */,
				0121A3AB1F7AAD030064B6B6 /* container_specular.png */,
				0121A3AC1F7AAD030064B6B6 /* container.png */,
				018D9F591F79563F006F549C /* Assets.xcassets */,
				018D9F5B1F79563F006F549C /* LaunchScreen.storyboard */,
				018D9F5E1F79563F006F549C /* Info.plist */,
				018D9F4D1F79563F006F549C /* Supporting Files */,
				0121A3B11F7AAD620064B6B6 /* ObjectShader.fsh */,
				0121A3B31F7AAD750064B6B6 /* ObjectShader.vsh */,
				0121A3B71F7AAE160064B6B6 /* LightShader.fsh */,
				0121A3B81F7AAE160064B6B6 /* LightShader.vsh */,
			);
			path = "OpenGL（材质）";
			sourceTree = "<group>";
		};
		018D9F4D1F79563F006F549C /* Supporting Files */ = {
			isa = PBXGroup;
			children = (
				018D9F4E1F79563F006F549C /* main.m */,
			);
			name = "Supporting Files";
			sourceTree = "<group>";
		};
		018D9F661F79563F006F549C /* OpenGL（材质）Tests */ = {
			isa = PBXGroup;
			children = (
				018D9F671F79563F006F549C /* OpenGL____Tests.m */,
				018D9F691F79563F006F549C /* Info.plist */,
			);
			path = "OpenGL（材质）Tests";
			sourceTree = "<group>";
		};
		018D9F711F79563F006F549C /* OpenGL（材质）UITests */ = {
			isa = PBXGroup;
			children = (
				018D9F721F79563F006F549C /* OpenGL____UITests.m */,
				018D9F741F79563F006F549C /* Info.plist */,
			);
			path = "OpenGL（材质）UITests";
			sourceTree = "<group>";
		};
/* End PBXGroup section */

/* Begin PBXNativeTarget section */
		018D9F491F79563F006F549C /* OpenGL（材质） */ = {
			isa = PBXNativeTarget;
			buildConfigurationList = 018D9F771F79563F006F549C /* Build configuration list for PBXNativeTarget "OpenGL（材质）" */;
			buildPhases = (
				018D9F461F79563F006F549C /* Sources */,
				018D9F471F79563F006F549C /* Frameworks */,
				018D9F481F79563F006F549C /* Resources */,
			);
			buildRules = (
			);
			dependencies = (
			);
			name = "OpenGL（材质）";
			productName = "OpenGL（材质）";
			productReference = 018D9F4A1F79563F006F549C /* OpenGL（材质）.app */;
			productType = "com.apple.product-type.application";
		};
		018D9F621F79563F006F549C /* OpenGL（材质）Tests */ = {
			isa = PBXNativeTarget;
			buildConfigurationList = 018D9F7A1F79563F006F549C /* Build configuration list for PBXNativeTarget "OpenGL（材质）Tests" */;
			buildPhases = (
				018D9F5F1F79563F006F549C /* Sources */,
				018D9F601F79563F006F549C /* Frameworks */,
				018D9F611F79563F006F549C /* Resources */,
			);
			buildRules = (
			);
			dependencies = (
				018D9F651F79563F006F549C /* PBXTargetDependency */,
			);
			name = "OpenGL（材质）Tests";
			productName = "OpenGL（材质）Tests";
			productReference = 018D9F631F79563F006F549C /* OpenGL（材质）Tests.xctest */;
			productType = "com.apple.product-type.bundle.unit-test";
		};
		018D9F6D1F79563F006F549C /* OpenGL（材质）UITests */ = {
			isa = PBXNativeTarget;
			buildConfigurationList = 018D9F7D1F79563F006F549C /* Build configuration list for PBXNativeTarget "OpenGL（材质）UITests" */;
			buildPhases = (
				018D9F6A1F79563F006F549C /* Sources */,
				018D9F6B1F79563F006F549C /* Frameworks */,
				018D9F6C1F79563F006F549C /* Resources */,
			);
			buildRules = (
			);
			dependencies = (
				018D9F701F79563F006F549C /* PBXTargetDependency */,
			);
			name = "OpenGL（材质）UITests";
			productName = "OpenGL（材质）UITests";
			productReference = 018D9F6E1F79563F006F549C /* OpenGL（材质）UITests.xctest */;
			productType = "com.apple.product-type.bundle.ui-testing";
		};
/* End PBXNativeTarget section */

/* Begin PBXProject section */
		018D9F421F79563F006F549C /* Project object */ = {
			isa = PBXProject;
			attributes = {
				LastUpgradeCheck = 0830;
				ORGANIZATIONNAME = com.jiemu.OpenGLTexture;
				TargetAttributes = {
					018D9F491F79563F006F549C = {
						CreatedOnToolsVersion = 8.3.3;
						DevelopmentTeam = 6W64PKR2XE;
						ProvisioningStyle = Automatic;
					};
					018D9F621F79563F006F549C = {
						CreatedOnToolsVersion = 8.3.3;
						DevelopmentTeam = 6W64PKR2XE;
						ProvisioningStyle = Automatic;
						TestTargetID = 018D9F491F79563F006F549C;
					};
					018D9F6D1F79563F006F549C = {
						CreatedOnToolsVersion = 8.3.3;
						DevelopmentTeam = 6W64PKR2XE;
						ProvisioningStyle = Automatic;
						TestTargetID = 018D9F491F79563F006F549C;
					};
				};
			};
			buildConfigurationList = 018D9F451F79563F006F549C /* Build configuration list for PBXProject "OpenGL（材质）" */;
			compatibilityVersion = "Xcode 3.2";
			developmentRegion = English;
			hasScannedForEncodings = 0;
			knownRegions = (
				en,
				Base,
			);
			mainGroup = 018D9F411F79563F006F549C;
			productRefGroup = 018D9F4B1F79563F006F549C /* Products */;
			projectDirPath = "";
			projectRoot = "";
			targets = (
				018D9F491F79563F006F549C /* OpenGL（材质） */,
				018D9F621F79563F006F549C /* OpenGL（材质）Tests */,
				018D9F6D1F79563F006F549C /* OpenGL（材质）UITests */,
			);
		};
/* End PBXProject section */

/* Begin PBXResourcesBuildPhase section */
		018D9F481F79563F006F549C /* Resources */ = {
			isa = PBXResourcesBuildPhase;
			buildActionMask = 2147483647;
			files = (
				018D9F5D1F79563F006F549C /* LaunchScreen.storyboard in Resources */,
				018D9F5A1F79563F006F549C /* Assets.xcassets in Resources */,
				0121A3AD1F7AAD030064B6B6 /* container_specular.png in Resources */,
				0121A3BA1F7AAE160064B6B6 /* LightShader.vsh in Resources */,
				0121A3B21F7AAD620064B6B6 /* ObjectShader.fsh in Resources */,
				0121A3AE1F7AAD030064B6B6 /* container.png in Resources */,
				0121A3B91F7AAE160064B6B6 /* LightShader.fsh in Resources */,
				0121A3B41F7AAD750064B6B6 /* ObjectShader.vsh in Resources */,
				018D9F581F79563F006F549C /* Main.storyboard in Resources */,
			);
			runOnlyForDeploymentPostprocessing = 0;
		};
		018D9F611F79563F006F549C /* Resources */ = {
			isa = PBXResourcesBuildPhase;
			buildActionMask = 2147483647;
			files = (
			);
			runOnlyForDeploymentPostprocessing = 0;
		};
		018D9F6C1F79563F006F549C /* Resources */ = {
			isa = PBXResourcesBuildPhase;
			buildActionMask = 2147483647;
			files = (
			);
			runOnlyForDeploymentPostprocessing = 0;
		};
/* End PBXResourcesBuildPhase section */

/* Begin PBXSourcesBuildPhase section */
		018D9F461F79563F006F549C /* Sources */ = {
			isa = PBXSourcesBuildPhase;
			buildActionMask = 2147483647;
			files = (
				018D9F551F79563F006F549C /* ViewController.m in Sources */,
				018D9F521F79563F006F549C /* AppDelegate.m in Sources */,
				018D9F4F1F79563F006F549C /* main.m in Sources */,
			);
			runOnlyForDeploymentPostprocessing = 0;
		};
		018D9F5F1F79563F006F549C /* Sources */ = {
			isa = PBXSourcesBuildPhase;
			buildActionMask = 2147483647;
			files = (
				018D9F681F79563F006F549C /* OpenGL____Tests.m in Sources */,
			);
			runOnlyForDeploymentPostprocessing = 0;
		};
		018D9F6A1F79563F006F549C /* Sources */ = {
			isa = PBXSourcesBuildPhase;
			buildActionMask = 2147483647;
			files = (
				018D9F731F79563F006F549C /* OpenGL____UITests.m in Sources */,
			);
			runOnlyForDeploymentPostprocessing = 0;
		};
/* End PBXSourcesBuildPhase section */

/* Begin PBXTargetDependency section */
		018D9F651F79563F006F549C /* PBXTargetDependency */ = {
			isa = PBXTargetDependency;
			target = 018D9F491F79563F006F549C /* OpenGL（材质） */;
			targetProxy = 018D9F641F79563F006F549C /* PBXContainerItemProxy */;
		};
		018D9F701F79563F006F549C /* PBXTargetDependency */ = {
			isa = PBXTargetDependency;
			target = 018D9F491F79563F006F549C /* OpenGL（材质） */;
			targetProxy = 018D9F6F1F79563F006F549C /* PBXContainerItemProxy */;
		};
/* End PBXTargetDependency section */

/* Begin PBXVariantGroup section */
		018D9F561F79563F006F549C /* Main.storyboard */ = {
			isa = PBXVariantGroup;
			children = (
				018D9F571F79563F006F549C /* Base */,
			);
			name = Main.storyboard;
			sourceTree = "<group>";
		};
		018D9F5B1F79563F006F549C /* LaunchScreen.storyboard */ = {
			isa = PBXVariantGroup;
			children = (
				018D9F5C1F79563F006F549C /* Base */,
			);
			name = LaunchScreen.storyboard;
			sourceTree = "<group>";
		};
/* End PBXVariantGroup section */

/* Begin XCBuildConfiguration section */
		018D9F751F79563F006F549C /* Debug */ = {
			isa = XCBuildConfiguration;
			buildSettings = {
				ALWAYS_SEARCH_USER_PATHS = NO;
				CLANG_ANALYZER_NONNULL = YES;
				CLANG_ANALYZER_NUMBER_OBJECT_CONVERSION = YES_AGGRESSIVE;
				CLANG_CXX_LANGUAGE_STANDARD = "gnu++0x";
				CLANG_CXX_LIBRARY = "libc++";
				CLANG_ENABLE_MODULES = YES;
				CLANG_ENABLE_OBJC_ARC = YES;
				CLANG_WARN_BOOL_CONVERSION = YES;
				CLANG_WARN_CONSTANT_CONVERSION = YES;
				CLANG_WARN_DIRECT_OBJC_ISA_USAGE = YES_ERROR;
				CLANG_WARN_DOCUMENTATION_COMMENTS = YES;
				CLANG_WARN_EMPTY_BODY = YES;
				CLANG_WARN_ENUM_CONVERSION = YES;
				CLANG_WARN_INFINITE_RECURSION = YES;
				CLANG_WARN_INT_CONVERSION = YES;
				CLANG_WARN_OBJC_ROOT_CLASS = YES_ERROR;
				CLANG_WARN_SUSPICIOUS_MOVE = YES;
				CLANG_WARN_UNREACHABLE_CODE = YES;
				CLANG_WARN__DUPLICATE_METHOD_MATCH = YES;
				"CODE_SIGN_IDENTITY[sdk=iphoneos*]" = "iPhone Developer";
				COPY_PHASE_STRIP = NO;
				DEBUG_INFORMATION_FORMAT = dwarf;
				ENABLE_STRICT_OBJC_MSGSEND = YES;
				ENABLE_TESTABILITY = YES;
				GCC_C_LANGUAGE_STANDARD = gnu99;
				GCC_DYNAMIC_NO_PIC = NO;
				GCC_NO_COMMON_BLOCKS = YES;
				GCC_OPTIMIZATION_LEVEL = 0;
				GCC_PREPROCESSOR_DEFINITIONS = (
					"DEBUG=1",
					"$(inherited)",
				);
				GCC_WARN_64_TO_32_BIT_CONVERSION = YES;
				GCC_WARN_ABOUT_RETURN_TYPE = YES_ERROR;
				GCC_WARN_UNDECLARED_SELECTOR = YES;
				GCC_WARN_UNINITIALIZED_AUTOS = YES_AGGRESSIVE;
				GCC_WARN_UNUSED_FUNCTION = YES;
				GCC_WARN_UNUSED_VARIABLE = YES;
				IPHONEOS_DEPLOYMENT_TARGET = 10.3;
				MTL_ENABLE_DEBUG_INFO = YES;
				ONLY_ACTIVE_ARCH = YES;
				SDKROOT = iphoneos;
			};
			name = Debug;
		};
		018D9F761F79563F006F549C /* Release */ = {
			isa = XCBuildConfiguration;
			buildSettings = {
				ALWAYS_SEARCH_USER_PATHS = NO;
				CLANG_ANALYZER_NONNULL = YES;
				CLANG_ANALYZER_NUMBER_OBJECT_CONVERSION = YES_AGGRESSIVE;
				CLANG_CXX_LANGUAGE_STANDARD = "gnu++0x";
				CLANG_CXX_LIBRARY = "libc++";
				CLANG_ENABLE_MODULES = YES;
				CLANG_ENABLE_OBJC_ARC = YES;
				CLANG_WARN_BOOL_CONVERSION = YES;
				CLANG_WARN_CONSTANT_CONVERSION = YES;
				CLANG_WARN_DIRECT_OBJC_ISA_USAGE = YES_ERROR;
				CLANG_WARN_DOCUMENTATION_COMMENTS = YES;
				CLANG_WARN_EMPTY_BODY = YES;
				CLANG_WARN_ENUM_CONVERSION = YES;
				CLANG_WARN_INFINITE_RECURSION = YES;
				CLANG_WARN_INT_CONVERSION = YES;
				CLANG_WARN_OBJC_ROOT_CLASS = YES_ERROR;
				CLANG_WARN_SUSPICIOUS_MOVE = YES;
				CLANG_WARN_UNREACHABLE_CODE = YES;
				CLANG_WARN__DUPLICATE_METHOD_MATCH = YES;
				"CODE_SIGN_IDENTITY[sdk=iphoneos*]" = "iPhone Developer";
				COPY_PHASE_STRIP = NO;
				DEBUG_INFORMATION_FORMAT = "dwarf-with-dsym";
				ENABLE_NS_ASSERTIONS = NO;
				ENABLE_STRICT_OBJC_MSGSEND = YES;
				GCC_C_LANGUAGE_STANDARD = gnu99;
				GCC_NO_COMMON_BLOCKS = YES;
				GCC_WARN_64_TO_32_BIT_CONVERSION = YES;
				GCC_WARN_ABOUT_RETURN_TYPE = YES_ERROR;
				GCC_WARN_UNDECLARED_SELECTOR = YES;
				GCC_WARN_UNINITIALIZED_AUTOS = YES_AGGRESSIVE;
				GCC_WARN_UNUSED_FUNCTION = YES;
				GCC_WARN_UNUSED_VARIABLE = YES;
				IPHONEOS_DEPLOYMENT_TARGET = 10.3;
				MTL_ENABLE_DEBUG_INFO = NO;
				SDKROOT = iphoneos;
				VALIDATE_PRODUCT = YES;
			};
			name = Release;
		};
		018D9F781F79563F006F549C /* Debug */ = {
			isa = XCBuildConfiguration;
			buildSettings = {
				ASSETCATALOG_COMPILER_APPICON_NAME = AppIcon;
				DEVELOPMENT_TEAM = 6W64PKR2XE;
				INFOPLIST_FILE = "OpenGL（材质）/Info.plist";
				LD_RUNPATH_SEARCH_PATHS = "$(inherited) @executable_path/Frameworks";
				PRODUCT_BUNDLE_IDENTIFIER = "com.jiemu.OpenGLTexture.OpenGL----";
				PRODUCT_NAME = "$(TARGET_NAME)";
			};
			name = Debug;
		};
		018D9F791F79563F006F549C /* Release */ = {
			isa = XCBuildConfiguration;
			buildSettings = {
				ASSETCATALOG_COMPILER_APPICON_NAME = AppIcon;
				DEVELOPMENT_TEAM = 6W64PKR2XE;
				INFOPLIST_FILE = "OpenGL（材质）/Info.plist";
				LD_RUNPATH_SEARCH_PATHS = "$(inherited) @executable_path/Frameworks";
				PRODUCT_BUNDLE_IDENTIFIER = "com.jiemu.OpenGLTexture.OpenGL----";
				PRODUCT_NAME = "$(TARGET_NAME)";
			};
			name = Release;
		};
		018D9F7B1F79563F006F549C /* Debug */ = {
			isa = XCBuildConfiguration;
			buildSettings = {
				BUNDLE_LOADER = "$(TEST_HOST)";
				DEVELOPMENT_TEAM = 6W64PKR2XE;
				INFOPLIST_FILE = "OpenGL（材质）Tests/Info.plist";
				LD_RUNPATH_SEARCH_PATHS = "$(inherited) @executable_path/Frameworks @loader_path/Frameworks";
				PRODUCT_BUNDLE_IDENTIFIER = "com.jiemu.OpenGLTexture.OpenGL----Tests";
				PRODUCT_NAME = "$(TARGET_NAME)";
				TEST_HOST = "$(BUILT_PRODUCTS_DIR)/OpenGL（材质）.app/OpenGL（材质）";
			};
			name = Debug;
		};
		018D9F7C1F79563F006F549C /* Release */ = {
			isa = XCBuildConfiguration;
			buildSettings = {
				BUNDLE_LOADER = "$(TEST_HOST)";
				DEVELOPMENT_TEAM = 6W64PKR2XE;
				INFOPLIST_FILE = "OpenGL（材质）Tests/Info.plist";
				LD_RUNPATH_SEARCH_PATHS = "$(inherited) @executable_path/Frameworks @loader_path/Frameworks";
				PRODUCT_BUNDLE_IDENTIFIER = "com.jiemu.OpenGLTexture.OpenGL----Tests";
				PRODUCT_NAME = "$(TARGET_NAME)";
				TEST_HOST = "$(BUILT_PRODUCTS_DIR)/OpenGL（材质）.app/OpenGL（材质）";
			};
			name = Release;
		};
		018D9F7E1F79563F006F549C /* Debug */ = {
			isa = XCBuildConfiguration;
			buildSettings = {
				DEVELOPMENT_TEAM = 6W64PKR2XE;
				INFOPLIST_FILE = "OpenGL（材质）UITests/Info.plist";
				LD_RUNPATH_SEARCH_PATHS = "$(inherited) @executable_path/Frameworks @loader_path/Frameworks";
				PRODUCT_BUNDLE_IDENTIFIER = "com.jiemu.OpenGLTexture.OpenGL----UITests";
				PRODUCT_NAME = "$(TARGET_NAME)";
				TEST_TARGET_NAME = "OpenGL（材质）";
			};
			name = Debug;
		};
		018D9F7F1F79563F006F549C /* Release */ = {
			isa = XCBuildConfiguration;
			buildSettings = {
				DEVELOPMENT_TEAM = 6W64PKR2XE;
				INFOPLIST_FILE = "OpenGL（材质）UITests/Info.plist";
				LD_RUNPATH_SEARCH_PATHS = "$(inherited) @executable_path/Frameworks @loader_path/Frameworks";
				PRODUCT_BUNDLE_IDENTIFIER = "com.jiemu.OpenGLTexture.OpenGL----UITests";
				PRODUCT_NAME = "$(TARGET_NAME)";
				TEST_TARGET_NAME = "OpenGL（材质）";
			};
			name = Release;
		};
/* End XCBuildConfiguration section */

/* Begin XCConfigurationList section */
		018D9F451F79563F006F549C /* Build configuration list for PBXProject "OpenGL（材质）" */ = {
			isa = XCConfigurationList;
			buildConfigurations = (
				018D9F751F79563F006F549C /* Debug */,
				018D9F761F79563F006F549C /* Release */,
			);
			defaultConfigurationIsVisible = 0;
			defaultConfigurationName = Release;
		};
		018D9F771F79563F006F549C /* Build configuration list for PBXNativeTarget "OpenGL（材质）" */ = {
			isa = XCConfigurationList;
			buildConfigurations = (
				018D9F781F79563F006F549C /* Debug */,
				018D9F791F79563F006F549C /* Release */,
			);
			defaultConfigurationIsVisible = 0;
			defaultConfigurationName = Release;
		};
		018D9F7A1F79563F006F549C /* Build configuration list for PBXNativeTarget "OpenGL（材质）Tests" */ = {
			isa = XCConfigurationList;
			buildConfigurations = (
				018D9F7B1F79563F006F549C /* Debug */,
				018D9F7C1F79563F006F549C /* Release */,
			);
			defaultConfigurationIsVisible = 0;
			defaultConfigurationName = Release;
		};
		018D9F7D1F79563F006F549C /* Build configuration list for PBXNativeTarget "OpenGL（材质）UITests" */ = {
			isa = XCConfigurationList;
			buildConfigurations = (
				018D9F7E1F79563F006F549C /* Debug */,
				018D9F7F1F79563F006F549C /* Release */,
			);
			defaultConfigurationIsVisible = 0;
			defaultConfigurationName = Release;
		};
/* End XCConfigurationList section */
	};
	rootObject = 018D9F421F79563F006F549C /* Project object */;
}
