// !$*UTF8*$!
{
	archiveVersion = 1;
	classes = {
	};
	objectVersion = 46;
	objects = {

/* Begin PBXBuildFile section */
		012B486C1F72B93A007B3437 /* main.m in Sources */ = {isa = PBXBuildFile; fileRef = 012B486B1F72B93A007B3437 /* main.m */; };
		012B486F1F72B93A007B3437 /* AppDelegate.m in Sources */ = {isa = PBXBuildFile; fileRef = 012B486E1F72B93A007B3437 /* AppDelegate.m */; };
		012B48721F72B93A007B3437 /* ViewController.m in Sources */ = {isa = PBXBuildFile; fileRef = 012B48711F72B93A007B3437 /* ViewController.m */; };
		012B48751F72B93A007B3437 /* Main.storyboard in Resources */ = {isa = PBXBuildFile; fileRef = 012B48731F72B93A007B3437 /* Main.storyboard */; };
		012B48771F72B93A007B3437 /* Assets.xcassets in Resources */ = {isa = PBXBuildFile; fileRef = 012B48761F72B93A007B3437 /* Assets.xcassets */; };
		012B487A1F72B93A007B3437 /* LaunchScreen.storyboard in Resources */ = {isa = PBXBuildFile; fileRef = 012B48781F72B93A007B3437 /* LaunchScreen.storyboard */; };
		012B48851F72B93A007B3437 /* OpenGL____Tests.m in Sources */ = {isa = PBXBuildFile; fileRef = 012B48841F72B93A007B3437 /* OpenGL____Tests.m */; };
		012B48901F72B93A007B3437 /* OpenGL____UITests.m in Sources */ = {isa = PBXBuildFile; fileRef = 012B488F1F72B93A007B3437 /* OpenGL____UITests.m */; };
		012B48A11F72B9E2007B3437 /* Shader.fsh in Resources */ = {isa = PBXBuildFile; fileRef = 012B489F1F72B9E2007B3437 /* Shader.fsh */; };
		012B48A21F72B9E2007B3437 /* Shader.vsh in Resources */ = {isa = PBXBuildFile; fileRef = 012B48A01F72B9E2007B3437 /* Shader.vsh */; };
		012B48A51F72B9F5007B3437 /* beetle.png in Resources */ = {isa = PBXBuildFile; fileRef = 012B48A31F72B9F5007B3437 /* beetle.png */; };
		012B48A61F72B9F5007B3437 /* leaves.gif in Resources */ = {isa = PBXBuildFile; fileRef = 012B48A41F72B9F5007B3437 /* leaves.gif */; };
/* End PBXBuildFile section */

/* Begin PBXContainerItemProxy section */
		012B48811F72B93A007B3437 /* PBXContainerItemProxy */ = {
			isa = PBXContainerItemProxy;
			containerPortal = 012B485F1F72B93A007B3437 /* Project object */;
			proxyType = 1;
			remoteGlobalIDString = 012B48661F72B93A007B3437;
			remoteInfo = "OpenGL（变换）";
		};
		012B488C1F72B93A007B3437 /* PBXContainerItemProxy */ = {
			isa = PBXContainerItemProxy;
			containerPortal = 012B485F1F72B93A007B3437 /* Project object */;
			proxyType = 1;
			remoteGlobalIDString = 012B48661F72B93A007B3437;
			remoteInfo = "OpenGL（变换）";
		};
/* End PBXContainerItemProxy section */

/* Begin PBXFileReference section */
		012B48671F72B93A007B3437 /* OpenGL（变换）.app */ = {isa = PBXFileReference; explicitFileType = wrapper.application; includeInIndex = 0; path = "OpenGL（变换）.app"; sourceTree = BUILT_PRODUCTS_DIR; };
		012B486B1F72B93A007B3437 /* main.m */ = {isa = PBXFileReference; lastKnownFileType = sourcecode.c.objc; path = main.m; sourceTree = "<group>"; };
		012B486D1F72B93A007B3437 /* AppDelegate.h */ = {isa = PBXFileReference; lastKnownFileType = sourcecode.c.h; path = AppDelegate.h; sourceTree = "<group>"; };
		012B486E1F72B93A007B3437 /* AppDelegate.m */ = {isa = PBXFileReference; lastKnownFileType = sourcecode.c.objc; path = AppDelegate.m; sourceTree = "<group>"; };
		012B48701F72B93A007B3437 /* ViewController.h */ = {isa = PBXFileReference; lastKnownFileType = sourcecode.c.h; path = ViewController.h; sourceTree = "<group>"; };
		012B48711F72B93A007B3437 /* ViewController.m */ = {isa = PBXFileReference; lastKnownFileType = sourcecode.c.objc; path = ViewController.m; sourceTree = "<group>"; };
		012B48741F72B93A007B3437 /* Base */ = {isa = PBXFileReference; lastKnownFileType = file.storyboard; name = Base; path = Base.lproj/Main.storyboard; sourceTree = "<group>"; };
		012B48761F72B93A007B3437 /* Assets.xcassets */ = {isa = PBXFileReference; lastKnownFileType = folder.assetcatalog; path = Assets.xcassets; sourceTree = "<group>"; };
		012B48791F72B93A007B3437 /* Base */ = {isa = PBXFileReference; lastKnownFileType = file.storyboard; name = Base; path = Base.lproj/LaunchScreen.storyboard; sourceTree = "<group>"; };
		012B487B1F72B93A007B3437 /* Info.plist */ = {isa = PBXFileReference; lastKnownFileType = text.plist.xml; path = Info.plist; sourceTree = "<group>"; };
		012B48801F72B93A007B3437 /* OpenGL（变换）Tests.xctest */ = {isa = PBXFileReference; explicitFileType = wrapper.cfbundle; includeInIndex = 0; path = "OpenGL（变换）Tests.xctest"; sourceTree = BUILT_PRODUCTS_DIR; };
		012B48841F72B93A007B3437 /* OpenGL____Tests.m */ = {isa = PBXFileReference; lastKnownFileType = sourcecode.c.objc; path = "OpenGL____Tests.m"; sourceTree = "<group>"; };
		012B48861F72B93A007B3437 /* Info.plist */ = {isa = PBXFileReference; lastKnownFileType = text.plist.xml; path = Info.plist; sourceTree = "<group>"; };
		012B488B1F72B93A007B3437 /* OpenGL（变换）UITests.xctest */ = {isa = PBXFileReference; explicitFileType = wrapper.cfbundle; includeInIndex = 0; path = "OpenGL（变换）UITests.xctest"; sourceTree = BUILT_PRODUCTS_DIR; };
		012B488F1F72B93A007B3437 /* OpenGL____UITests.m */ = {isa = PBXFileReference; lastKnownFileType = sourcecode.c.objc; path = "OpenGL____UITests.m"; sourceTree = "<group>"; };
		012B48911F72B93A007B3437 /* Info.plist */ = {isa = PBXFileReference; lastKnownFileType = text.plist.xml; path = Info.plist; sourceTree = "<group>"; };
		012B489F1F72B9E2007B3437 /* Shader.fsh */ = {isa = PBXFileReference; fileEncoding = 4; lastKnownFileType = sourcecode.glsl; path = Shader.fsh; sourceTree = "<group>"; };
		012B48A01F72B9E2007B3437 /* Shader.vsh */ = {isa = PBXFileReference; fileEncoding = 4; lastKnownFileType = sourcecode.glsl; path = Shader.vsh; sourceTree = "<group>"; };
		012B48A31F72B9F5007B3437 /* beetle.png */ = {isa = PBXFileReference; lastKnownFileType = image.png; path = beetle.png; sourceTree = "<group>"; };
		012B48A41F72B9F5007B3437 /* leaves.gif */ = {isa = PBXFileReference; lastKnownFileType = image.gif; path = leaves.gif; sourceTree = "<group>"; };
/* End PBXFileReference section */

/* Begin PBXFrameworksBuildPhase section */
		012B48641F72B93A007B3437 /* Frameworks */ = {
			isa = PBXFrameworksBuildPhase;
			buildActionMask = 2147483647;
			files = (
			);
			runOnlyForDeploymentPostprocessing = 0;
		};
		012B487D1F72B93A007B3437 /* Frameworks */ = {
			isa = PBXFrameworksBuildPhase;
			buildActionMask = 2147483647;
			files = (
			);
			runOnlyForDeploymentPostprocessing = 0;
		};
		012B48881F72B93A007B3437 /* Frameworks */ = {
			isa = PBXFrameworksBuildPhase;
			buildActionMask = 2147483647;
			files = (
			);
			runOnlyForDeploymentPostprocessing = 0;
		};
/* End PBXFrameworksBuildPhase section */

/* Begin PBXGroup section */
		012B485E1F72B93A007B3437 = {
			isa = PBXGroup;
			children = (
				012B48691F72B93A007B3437 /* OpenGL（变换） */,
				012B48831F72B93A007B3437 /* OpenGL（变换）Tests */,
				012B488E1F72B93A007B3437 /* OpenGL（变换）UITests */,
				012B48681F72B93A007B3437 /* Products */,
			);
			sourceTree = "<group>";
		};
		012B48681F72B93A007B3437 /* Products */ = {
			isa = PBXGroup;
			children = (
				012B48671F72B93A007B3437 /* OpenGL（变换）.app */,
				012B48801F72B93A007B3437 /* OpenGL（变换）Tests.xctest */,
				012B488B1F72B93A007B3437 /* OpenGL（变换）UITests.xctest */,
			);
			name = Products;
			sourceTree = "<group>";
		};
		012B48691F72B93A007B3437 /* OpenGL（变换） */ = {
			isa = PBXGroup;
			children = (
				012B486D1F72B93A007B3437 /* AppDelegate.h */,
				012B486E1F72B93A007B3437 /* AppDelegate.m */,
				012B48701F72B93A007B3437 /* ViewController.h */,
				012B48711F72B93A007B3437 /* ViewController.m */,
				012B48731F72B93A007B3437 /* Main.storyboard */,
				012B48A31F72B9F5007B3437 /* beetle.png */,
				012B48A41F72B9F5007B3437 /* leaves.gif */,
				012B489F1F72B9E2007B3437 /* Shader.fsh */,
				012B48A01F72B9E2007B3437 /* Shader.vsh */,
				012B48761F72B93A007B3437 /* Assets.xcassets */,
				012B48781F72B93A007B3437 /* LaunchScreen.storyboard */,
				012B487B1F72B93A007B3437 /* Info.plist */,
				012B486A1F72B93A007B3437 /* Supporting Files */,
			);
			path = "OpenGL（变换）";
			sourceTree = "<group>";
		};
		012B486A1F72B93A007B3437 /* Supporting Files */ = {
			isa = PBXGroup;
			children = (
				012B486B1F72B93A007B3437 /* main.m */,
			);
			name = "Supporting Files";
			sourceTree = "<group>";
		};
		012B48831F72B93A007B3437 /* OpenGL（变换）Tests */ = {
			isa = PBXGroup;
			children = (
				012B48841F72B93A007B3437 /* OpenGL____Tests.m */,
				012B48861F72B93A007B3437 /* Info.plist */,
			);
			path = "OpenGL（变换）Tests";
			sourceTree = "<group>";
		};
		012B488E1F72B93A007B3437 /* OpenGL（变换）UITests */ = {
			isa = PBXGroup;
			children = (
				012B488F1F72B93A007B3437 /* OpenGL____UITests.m */,
				012B48911F72B93A007B3437 /* Info.plist */,
			);
			path = "OpenGL（变换）UITests";
			sourceTree = "<group>";
		};
/* End PBXGroup section */

/* Begin PBXNativeTarget section */
		012B48661F72B93A007B3437 /* OpenGL（变换） */ = {
			isa = PBXNativeTarget;
			buildConfigurationList = 012B48941F72B93A007B3437 /* Build configuration list for PBXNativeTarget "OpenGL（变换）" */;
			buildPhases = (
				012B48631F72B93A007B3437 /* Sources */,
				012B48641F72B93A007B3437 /* Frameworks */,
				012B48651F72B93A007B3437 /* Resources */,
			);
			buildRules = (
			);
			dependencies = (
			);
			name = "OpenGL（变换）";
			productName = "OpenGL（变换）";
			productReference = 012B48671F72B93A007B3437 /* OpenGL（变换）.app */;
			productType = "com.apple.product-type.application";
		};
		012B487F1F72B93A007B3437 /* OpenGL（变换）Tests */ = {
			isa = PBXNativeTarget;
			buildConfigurationList = 012B48971F72B93A007B3437 /* Build configuration list for PBXNativeTarget "OpenGL（变换）Tests" */;
			buildPhases = (
				012B487C1F72B93A007B3437 /* Sources */,
				012B487D1F72B93A007B3437 /* Frameworks */,
				012B487E1F72B93A007B3437 /* Resources */,
			);
			buildRules = (
			);
			dependencies = (
				012B48821F72B93A007B3437 /* PBXTargetDependency */,
			);
			name = "OpenGL（变换）Tests";
			productName = "OpenGL（变换）Tests";
			productReference = 012B48801F72B93A007B3437 /* OpenGL（变换）Tests.xctest */;
			productType = "com.apple.product-type.bundle.unit-test";
		};
		012B488A1F72B93A007B3437 /* OpenGL（变换）UITests */ = {
			isa = PBXNativeTarget;
			buildConfigurationList = 012B489A1F72B93A007B3437 /* Build configuration list for PBXNativeTarget "OpenGL（变换）UITests" */;
			buildPhases = (
				012B48871F72B93A007B3437 /* Sources */,
				012B48881F72B93A007B3437 /* Frameworks */,
				012B48891F72B93A007B3437 /* Resources */,
			);
			buildRules = (
			);
			dependencies = (
				012B488D1F72B93A007B3437 /* PBXTargetDependency */,
			);
			name = "OpenGL（变换）UITests";
			productName = "OpenGL（变换）UITests";
			productReference = 012B488B1F72B93A007B3437 /* OpenGL（变换）UITests.xctest */;
			productType = "com.apple.product-type.bundle.ui-testing";
		};
/* End PBXNativeTarget section */

/* Begin PBXProject section */
		012B485F1F72B93A007B3437 /* Project object */ = {
			isa = PBXProject;
			attributes = {
				LastUpgradeCheck = 0830;
				ORGANIZATIONNAME = com.jiemu.OpenGLTexttureTranform;
				TargetAttributes = {
					012B48661F72B93A007B3437 = {
						CreatedOnToolsVersion = 8.3.3;
						DevelopmentTeam = 6W64PKR2XE;
						ProvisioningStyle = Automatic;
					};
					012B487F1F72B93A007B3437 = {
						CreatedOnToolsVersion = 8.3.3;
						DevelopmentTeam = 6W64PKR2XE;
						ProvisioningStyle = Automatic;
						TestTargetID = 012B48661F72B93A007B3437;
					};
					012B488A1F72B93A007B3437 = {
						CreatedOnToolsVersion = 8.3.3;
						DevelopmentTeam = 6W64PKR2XE;
						ProvisioningStyle = Automatic;
						TestTargetID = 012B48661F72B93A007B3437;
					};
				};
			};
			buildConfigurationList = 012B48621F72B93A007B3437 /* Build configuration list for PBXProject "OpenGL（变换）" */;
			compatibilityVersion = "Xcode 3.2";
			developmentRegion = English;
			hasScannedForEncodings = 0;
			knownRegions = (
				en,
				Base,
			);
			mainGroup = 012B485E1F72B93A007B3437;
			productRefGroup = 012B48681F72B93A007B3437 /* Products */;
			projectDirPath = "";
			projectRoot = "";
			targets = (
				012B48661F72B93A007B3437 /* OpenGL（变换） */,
				012B487F1F72B93A007B3437 /* OpenGL（变换）Tests */,
				012B488A1F72B93A007B3437 /* OpenGL（变换）UITests */,
			);
		};
/* End PBXProject section */

/* Begin PBXResourcesBuildPhase section */
		012B48651F72B93A007B3437 /* Resources */ = {
			isa = PBXResourcesBuildPhase;
			buildActionMask = 2147483647;
			files = (
				012B48A51F72B9F5007B3437 /* beetle.png in Resources */,
				012B48A11F72B9E2007B3437 /* Shader.fsh in Resources */,
				012B487A1F72B93A007B3437 /* LaunchScreen.storyboard in Resources */,
				012B48A61F72B9F5007B3437 /* leaves.gif in Resources */,
				012B48771F72B93A007B3437 /* Assets.xcassets in Resources */,
				012B48751F72B93A007B3437 /* Main.storyboard in Resources */,
				012B48A21F72B9E2007B3437 /* Shader.vsh in Resources */,
			);
			runOnlyForDeploymentPostprocessing = 0;
		};
		012B487E1F72B93A007B3437 /* Resources */ = {
			isa = PBXResourcesBuildPhase;
			buildActionMask = 2147483647;
			files = (
			);
			runOnlyForDeploymentPostprocessing = 0;
		};
		012B48891F72B93A007B3437 /* Resources */ = {
			isa = PBXResourcesBuildPhase;
			buildActionMask = 2147483647;
			files = (
			);
			runOnlyForDeploymentPostprocessing = 0;
		};
/* End PBXResourcesBuildPhase section */

/* Begin PBXSourcesBuildPhase section */
		012B48631F72B93A007B3437 /* Sources */ = {
			isa = PBXSourcesBuildPhase;
			buildActionMask = 2147483647;
			files = (
				012B48721F72B93A007B3437 /* ViewController.m in Sources */,
				012B486F1F72B93A007B3437 /* AppDelegate.m in Sources */,
				012B486C1F72B93A007B3437 /* main.m in Sources */,
			);
			runOnlyForDeploymentPostprocessing = 0;
		};
		012B487C1F72B93A007B3437 /* Sources */ = {
			isa = PBXSourcesBuildPhase;
			buildActionMask = 2147483647;
			files = (
				012B48851F72B93A007B3437 /* OpenGL____Tests.m in Sources */,
			);
			runOnlyForDeploymentPostprocessing = 0;
		};
		012B48871F72B93A007B3437 /* Sources */ = {
			isa = PBXSourcesBuildPhase;
			buildActionMask = 2147483647;
			files = (
				012B48901F72B93A007B3437 /* OpenGL____UITests.m in Sources */,
			);
			runOnlyForDeploymentPostprocessing = 0;
		};
/* End PBXSourcesBuildPhase section */

/* Begin PBXTargetDependency section */
		012B48821F72B93A007B3437 /* PBXTargetDependency */ = {
			isa = PBXTargetDependency;
			target = 012B48661F72B93A007B3437 /* OpenGL（变换） */;
			targetProxy = 012B48811F72B93A007B3437 /* PBXContainerItemProxy */;
		};
		012B488D1F72B93A007B3437 /* PBXTargetDependency */ = {
			isa = PBXTargetDependency;
			target = 012B48661F72B93A007B3437 /* OpenGL（变换） */;
			targetProxy = 012B488C1F72B93A007B3437 /* PBXContainerItemProxy */;
		};
/* End PBXTargetDependency section */

/* Begin PBXVariantGroup section */
		012B48731F72B93A007B3437 /* Main.storyboard */ = {
			isa = PBXVariantGroup;
			children = (
				012B48741F72B93A007B3437 /* Base */,
			);
			name = Main.storyboard;
			sourceTree = "<group>";
		};
		012B48781F72B93A007B3437 /* LaunchScreen.storyboard */ = {
			isa = PBXVariantGroup;
			children = (
				012B48791F72B93A007B3437 /* Base */,
			);
			name = LaunchScreen.storyboard;
			sourceTree = "<group>";
		};
/* End PBXVariantGroup section */

/* Begin XCBuildConfiguration section */
		012B48921F72B93A007B3437 /* Debug */ = {
			isa = XCBuildConfiguration;
			buildSettings = {
				ALWAYS_SEARCH_USER_PATHS = NO;
				CLANG_ANALYZER_NONNULL = YES;
				CLANG_ANALYZER_NUMBER_OBJECT_CONVERSION = YES_AGGRESSIVE;
				CLANG_CXX_LANGUAGE_STANDARD = "gnu++0x";
				CLANG_CXX_LIBRARY = "libc++";
				CLANG_ENABLE_MODULES = YES;
				CLANG_ENABLE_OBJC_ARC = YES;
				CLANG_WARN_BOOL_CONVERSION = YES;
				CLANG_WARN_CONSTANT_CONVERSION = YES;
				CLANG_WARN_DIRECT_OBJC_ISA_USAGE = YES_ERROR;
				CLANG_WARN_DOCUMENTATION_COMMENTS = YES;
				CLANG_WARN_EMPTY_BODY = YES;
				CLANG_WARN_ENUM_CONVERSION = YES;
				CLANG_WARN_INFINITE_RECURSION = YES;
				CLANG_WARN_INT_CONVERSION = YES;
				CLANG_WARN_OBJC_ROOT_CLASS = YES_ERROR;
				CLANG_WARN_SUSPICIOUS_MOVE = YES;
				CLANG_WARN_UNREACHABLE_CODE = YES;
				CLANG_WARN__DUPLICATE_METHOD_MATCH = YES;
				"CODE_SIGN_IDENTITY[sdk=iphoneos*]" = "iPhone Developer";
				COPY_PHASE_STRIP = NO;
				DEBUG_INFORMATION_FORMAT = dwarf;
				ENABLE_STRICT_OBJC_MSGSEND = YES;
				ENABLE_TESTABILITY = YES;
				GCC_C_LANGUAGE_STANDARD = gnu99;
				GCC_DYNAMIC_NO_PIC = NO;
				GCC_NO_COMMON_BLOCKS = YES;
				GCC_OPTIMIZATION_LEVEL = 0;
				GCC_PREPROCESSOR_DEFINITIONS = (
					"DEBUG=1",
					"$(inherited)",
				);
				GCC_WARN_64_TO_32_BIT_CONVERSION = YES;
				GCC_WARN_ABOUT_RETURN_TYPE = YES_ERROR;
				GCC_WARN_UNDECLARED_SELECTOR = YES;
				GCC_WARN_UNINITIALIZED_AUTOS = YES_AGGRESSIVE;
				GCC_WARN_UNUSED_FUNCTION = YES;
				GCC_WARN_UNUSED_VARIABLE = YES;
				IPHONEOS_DEPLOYMENT_TARGET = 10.3;
				MTL_ENABLE_DEBUG_INFO = YES;
				ONLY_ACTIVE_ARCH = YES;
				SDKROOT = iphoneos;
			};
			name = Debug;
		};
		012B48931F72B93A007B3437 /* Release */ = {
			isa = XCBuildConfiguration;
			buildSettings = {
				ALWAYS_SEARCH_USER_PATHS = NO;
				CLANG_ANALYZER_NONNULL = YES;
				CLANG_ANALYZER_NUMBER_OBJECT_CONVERSION = YES_AGGRESSIVE;
				CLANG_CXX_LANGUAGE_STANDARD = "gnu++0x";
				CLANG_CXX_LIBRARY = "libc++";
				CLANG_ENABLE_MODULES = YES;
				CLANG_ENABLE_OBJC_ARC = YES;
				CLANG_WARN_BOOL_CONVERSION = YES;
				CLANG_WARN_CONSTANT_CONVERSION = YES;
				CLANG_WARN_DIRECT_OBJC_ISA_USAGE = YES_ERROR;
				CLANG_WARN_DOCUMENTATION_COMMENTS = YES;
				CLANG_WARN_EMPTY_BODY = YES;
				CLANG_WARN_ENUM_CONVERSION = YES;
				CLANG_WARN_INFINITE_RECURSION = YES;
				CLANG_WARN_INT_CONVERSION = YES;
				CLANG_WARN_OBJC_ROOT_CLASS = YES_ERROR;
				CLANG_WARN_SUSPICIOUS_MOVE = YES;
				CLANG_WARN_UNREACHABLE_CODE = YES;
				CLANG_WARN__DUPLICATE_METHOD_MATCH = YES;
				"CODE_SIGN_IDENTITY[sdk=iphoneos*]" = "iPhone Developer";
				COPY_PHASE_STRIP = NO;
				DEBUG_INFORMATION_FORMAT = "dwarf-with-dsym";
				ENABLE_NS_ASSERTIONS = NO;
				ENABLE_STRICT_OBJC_MSGSEND = YES;
				GCC_C_LANGUAGE_STANDARD = gnu99;
				GCC_NO_COMMON_BLOCKS = YES;
				GCC_WARN_64_TO_32_BIT_CONVERSION = YES;
				GCC_WARN_ABOUT_RETURN_TYPE = YES_ERROR;
				GCC_WARN_UNDECLARED_SELECTOR = YES;
				GCC_WARN_UNINITIALIZED_AUTOS = YES_AGGRESSIVE;
				GCC_WARN_UNUSED_FUNCTION = YES;
				GCC_WARN_UNUSED_VARIABLE = YES;
				IPHONEOS_DEPLOYMENT_TARGET = 10.3;
				MTL_ENABLE_DEBUG_INFO = NO;
				SDKROOT = iphoneos;
				VALIDATE_PRODUCT = YES;
			};
			name = Release;
		};
		012B48951F72B93A007B3437 /* Debug */ = {
			isa = XCBuildConfiguration;
			buildSettings = {
				ASSETCATALOG_COMPILER_APPICON_NAME = AppIcon;
				DEVELOPMENT_TEAM = 6W64PKR2XE;
				INFOPLIST_FILE = "OpenGL（变换）/Info.plist";
				LD_RUNPATH_SEARCH_PATHS = "$(inherited) @executable_path/Frameworks";
				PRODUCT_BUNDLE_IDENTIFIER = "com.jiemu.OpenGLTexttureTranform.OpenGL----";
				PRODUCT_NAME = "$(TARGET_NAME)";
			};
			name = Debug;
		};
		012B48961F72B93A007B3437 /* Release */ = {
			isa = XCBuildConfiguration;
			buildSettings = {
				ASSETCATALOG_COMPILER_APPICON_NAME = AppIcon;
				DEVELOPMENT_TEAM = 6W64PKR2XE;
				INFOPLIST_FILE = "OpenGL（变换）/Info.plist";
				LD_RUNPATH_SEARCH_PATHS = "$(inherited) @executable_path/Frameworks";
				PRODUCT_BUNDLE_IDENTIFIER = "com.jiemu.OpenGLTexttureTranform.OpenGL----";
				PRODUCT_NAME = "$(TARGET_NAME)";
			};
			name = Release;
		};
		012B48981F72B93A007B3437 /* Debug */ = {
			isa = XCBuildConfiguration;
			buildSettings = {
				BUNDLE_LOADER = "$(TEST_HOST)";
				DEVELOPMENT_TEAM = 6W64PKR2XE;
				INFOPLIST_FILE = "OpenGL（变换）Tests/Info.plist";
				LD_RUNPATH_SEARCH_PATHS = "$(inherited) @executable_path/Frameworks @loader_path/Frameworks";
				PRODUCT_BUNDLE_IDENTIFIER = "com.jiemu.OpenGLTexttureTranform.OpenGL----Tests";
				PRODUCT_NAME = "$(TARGET_NAME)";
				TEST_HOST = "$(BUILT_PRODUCTS_DIR)/OpenGL（变换）.app/OpenGL（变换）";
			};
			name = Debug;
		};
		012B48991F72B93A007B3437 /* Release */ = {
			isa = XCBuildConfiguration;
			buildSettings = {
				BUNDLE_LOADER = "$(TEST_HOST)";
				DEVELOPMENT_TEAM = 6W64PKR2XE;
				INFOPLIST_FILE = "OpenGL（变换）Tests/Info.plist";
				LD_RUNPATH_SEARCH_PATHS = "$(inherited) @executable_path/Frameworks @loader_path/Frameworks";
				PRODUCT_BUNDLE_IDENTIFIER = "com.jiemu.OpenGLTexttureTranform.OpenGL----Tests";
				PRODUCT_NAME = "$(TARGET_NAME)";
				TEST_HOST = "$(BUILT_PRODUCTS_DIR)/OpenGL（变换）.app/OpenGL（变换）";
			};
			name = Release;
		};
		012B489B1F72B93A007B3437 /* Debug */ = {
			isa = XCBuildConfiguration;
			buildSettings = {
				DEVELOPMENT_TEAM = 6W64PKR2XE;
				INFOPLIST_FILE = "OpenGL（变换）UITests/Info.plist";
				LD_RUNPATH_SEARCH_PATHS = "$(inherited) @executable_path/Frameworks @loader_path/Frameworks";
				PRODUCT_BUNDLE_IDENTIFIER = "com.jiemu.OpenGLTexttureTranform.OpenGL----UITests";
				PRODUCT_NAME = "$(TARGET_NAME)";
				TEST_TARGET_NAME = "OpenGL（变换）";
			};
			name = Debug;
		};
		012B489C1F72B93A007B3437 /* Release */ = {
			isa = XCBuildConfiguration;
			buildSettings = {
				DEVELOPMENT_TEAM = 6W64PKR2XE;
				INFOPLIST_FILE = "OpenGL（变换）UITests/Info.plist";
				LD_RUNPATH_SEARCH_PATHS = "$(inherited) @executable_path/Frameworks @loader_path/Frameworks";
				PRODUCT_BUNDLE_IDENTIFIER = "com.jiemu.OpenGLTexttureTranform.OpenGL----UITests";
				PRODUCT_NAME = "$(TARGET_NAME)";
				TEST_TARGET_NAME = "OpenGL（变换）";
			};
			name = Release;
		};
/* End XCBuildConfiguration section */

/* Begin XCConfigurationList section */
		012B48621F72B93A007B3437 /* Build configuration list for PBXProject "OpenGL（变换）" */ = {
			isa = XCConfigurationList;
			buildConfigurations = (
				012B48921F72B93A007B3437 /* Debug */,
				012B48931F72B93A007B3437 /* Release */,
			);
			defaultConfigurationIsVisible = 0;
			defaultConfigurationName = Release;
		};
		012B48941F72B93A007B3437 /* Build configuration list for PBXNativeTarget "OpenGL（变换）" */ = {
			isa = XCConfigurationList;
			buildConfigurations = (
				012B48951F72B93A007B3437 /* Debug */,
				012B48961F72B93A007B3437 /* Release */,
			);
			defaultConfigurationIsVisible = 0;
		};
		012B48971F72B93A007B3437 /* Build configuration list for PBXNativeTarget "OpenGL（变换）Tests" */ = {
			isa = XCConfigurationList;
			buildConfigurations = (
				012B48981F72B93A007B3437 /* Debug */,
				012B48991F72B93A007B3437 /* Release */,
			);
			defaultConfigurationIsVisible = 0;
		};
		012B489A1F72B93A007B3437 /* Build configuration list for PBXNativeTarget "OpenGL（变换）UITests" */ = {
			isa = XCConfigurationList;
			buildConfigurations = (
				012B489B1F72B93A007B3437 /* Debug */,
				012B489C1F72B93A007B3437 /* Release */,
			);
			defaultConfigurationIsVisible = 0;
		};
/* End XCConfigurationList section */
	};
	rootObject = 012B485F1F72B93A007B3437 /* Project object */;
}
